github.com/snksoft/crc v1.1.0 h1:HkLdI4taFlgGGG1KvsWMpz78PkOC9TkPVpTV/cuWn48=
github.com/snksoft/crc v1.1.0/go.mod h1:5/gUOsgAm7OmIhb6WJzw7w5g2zfJi4FrHYgGPdshE+A=
gopkg.in/check.v1 v0.0.0-20161208181325-20d25e280405/go.mod h1:Co6ibVJAznAaIkqp8huTwlJQCZ016jof/cbN4VW5Yz0=
gopkg.in/yaml.v2 v2.3.0 h1:clyUAQHOM3G0M3f5vQj7LuJrETvjVot3Z5el9nffUtU=
gopkg.in/yaml.v2 v2.3.0/go.mod h1:hI93XBmqTisBFMUTm0b8Fm+jr3Dg1NNxqwp+5A1VGuI=
